
Microsoft Visual Studio Solution File, Format Version 12.00
# Visual Studio Version 16
VisualStudioVersion = 16.0.29209.62
MinimumVisualStudioVersion = 10.0.40219.1
Project("{FAE04EC0-301F-11D3-BF4B-00C04F79EFBC}") = "Krungsri.API", "Krungsri.API\Krungsri.API.csproj", "{D189095A-84D7-451D-BE36-C992CED5CCAD}"
EndProject
Project("{FAE04EC0-301F-11D3-BF4B-00C04F79EFBC}") = "Krungsri.DataAccess", "Krungsri.DataAccess\Krungsri.DataAccess.csproj", "{35DDA31B-B9CF-494B-931C-34DED32D36BB}"
EndProject
Project("{FAE04EC0-301F-11D3-BF4B-00C04F79EFBC}") = "Krungsri.Domain", "Krungsri.Domain\Krungsri.Domain.csproj", "{8037986E-7DBA-4C49-96C8-C2B3C2ED2F13}"
EndProject
Global
	GlobalSection(SolutionConfigurationPlatforms) = preSolution
		Debug|Any CPU = Debug|Any CPU
		Release|Any CPU = Release|Any CPU
	EndGlobalSection
	GlobalSection(ProjectConfigurationPlatforms) = postSolution
		{D189095A-84D7-451D-BE36-C992CED5CCAD}.Debug|Any CPU.ActiveCfg = Debug|Any CPU
		{D189095A-84D7-451D-BE36-C992CED5CCAD}.Debug|Any CPU.Build.0 = Debug|Any CPU
		{D189095A-84D7-451D-BE36-C992CED5CCAD}.Release|Any CPU.ActiveCfg = Release|Any CPU
		{D189095A-84D7-451D-BE36-C992CED5CCAD}.Release|Any CPU.Build.0 = Release|Any CPU
		{35DDA31B-B9CF-494B-931C-34DED32D36BB}.Debug|Any CPU.ActiveCfg = Debug|Any CPU
		{35DDA31B-B9CF-494B-931C-34DED32D36BB}.Debug|Any CPU.Build.0 = Debug|Any CPU
		{35DDA31B-B9CF-494B-931C-34DED32D36BB}.Release|Any CPU.ActiveCfg = Release|Any CPU
		{35DDA31B-B9CF-494B-931C-34DED32D36BB}.Release|Any CPU.Build.0 = Release|Any CPU
		{8037986E-7DBA-4C49-96C8-C2B3C2ED2F13}.Debug|Any CPU.ActiveCfg = Debug|Any CPU
		{8037986E-7DBA-4C49-96C8-C2B3C2ED2F13}.Debug|Any CPU.Build.0 = Debug|Any CPU
		{8037986E-7DBA-4C49-96C8-C2B3C2ED2F13}.Release|Any CPU.ActiveCfg = Release|Any CPU
		{8037986E-7DBA-4C49-96C8-C2B3C2ED2F13}.Release|Any CPU.Build.0 = Release|Any CPU
	EndGlobalSection
	GlobalSection(SolutionProperties) = preSolution
		HideSolutionNode = FALSE
	EndGlobalSection
	GlobalSection(ExtensibilityGlobals) = postSolution
		SolutionGuid = {F997EA48-8C43-43D9-A8D4-647EEE6BA27E}
	EndGlobalSection
EndGlobal
